# This file is generated by running "yarn install" inside your project.
# Manual changes might be lost - proceed with caution!

__metadata:
  version: 4

"@types/blessed@npm:^0.1.17":
  version: 0.1.17
  resolution: "@types/blessed@npm:0.1.17"
  dependencies:
    "@types/node": "*"
  checksum: 2/5844644d3378d386e2b9412524b8304498af9036857e9a6082b01c0b956fb3be1ec462c4b4f0e8325194e56e70085b61a4c030797121a77bf509041f5d543d93
  languageName: node
  linkType: hard

"@types/color-name@npm:^1.1.1":
  version: 1.1.1
  resolution: "@types/color-name@npm:1.1.1"
  checksum: 2/8311db94a9c4ecd247763b81e783ee49d87678b4ce6a7ee502e2bd5cea242b7357804a04855db009f713174bc654cc0c01c7303d40d757e5d710f5ac0368500f
  languageName: node
  linkType: hard

"@types/emscripten@npm:^1.38.0":
  version: 1.39.3
  resolution: "@types/emscripten@npm:1.39.3"
  checksum: 2/dd6453e0de7e5ec31850e021749a2ea6c25af9477d41cc973b1d6ce6cd14da97301d13da7a75e6161064800b0fcfb6c8e4be4b1b730039f724d8decd4e3b8fff
  languageName: node
  linkType: hard

"@types/lodash@npm:^4.14.149":
  version: 4.14.149
  resolution: "@types/lodash@npm:4.14.149"
  checksum: 2/f5b8837c776d471755f8d48536933031e5753da4277d1e5a0ebd46caf392adc2a298eeb2812f2da8d1801fa1c666c9112207204e73e06c11bdcf1bf179f304fa
  languageName: node
  linkType: hard

"@types/node@npm:*, @types/node@npm:^13.11.1":
  version: 13.11.1
  resolution: "@types/node@npm:13.11.1"
  checksum: 2/0ced8498fb982d1275ce4f2e13554243d53386315e57de641d934fddeb02d86bc745c2c6b2aacad1072f081b0984d5f3beb81d309823202ec6cf8653f6d8100b
  languageName: node
  linkType: hard

"@types/node@npm:^6.0.96":
  version: 6.14.9
  resolution: "@types/node@npm:6.14.9"
  checksum: 2/96c911410913d8b8854225315b25d7f332b6bf64c3f2df743150b22a6ee8f0f1945090e166e58b41713420aad7b0836530d8c548b4c161604d1465e800fc3ffb
  languageName: node
  linkType: hard

"@yarnpkg/fslib@npm:^2.0.0-rc.17":
  version: 2.0.0-rc.17
  resolution: "@yarnpkg/fslib@npm:2.0.0-rc.17"
  dependencies:
    "@yarnpkg/libzip": ^2.0.0-rc.10
  checksum: 2/4e90a046f1645bac793c88811beb7da945af63cc9ce48930199714050c601adb52c7dab1dd3cac7d9fb200dbade4bcf15248925b98ccb3ed7546c339b9f66817
  languageName: node
  linkType: hard

"@yarnpkg/libzip@npm:^2.0.0-rc.10":
  version: 2.0.0-rc.10
  resolution: "@yarnpkg/libzip@npm:2.0.0-rc.10"
  dependencies:
    "@types/emscripten": ^1.38.0
  checksum: 2/95ae332b349eee4d53e0f098b7d1e4a399960d6661f33873f26cce47d32daa7e0cca7fbeb5f236aa17a20a1e5fd0d250e585267ec356df7732b6a835d934bd66
  languageName: node
  linkType: hard

"@yarnpkg/pnpify@npm:^2.0.0-rc.20":
  version: 2.0.0-rc.20
  resolution: "@yarnpkg/pnpify@npm:2.0.0-rc.20"
  dependencies:
    "@yarnpkg/fslib": ^2.0.0-rc.17
    chalk: ^3.0.0
    comment-json: ^2.2.0
    cross-spawn: 6.0.5
  peerDependencies:
    eslint: "*"
    typescript: "*"
  peerDependenciesMeta:
    eslint:
      optional: true
    typescript:
      optional: true
  bin:
    pnpify: ./lib/cli.js
  checksum: 2/26b1656ffe13ce6760b3abd94d6bbc0f63b567cb7cabecaf14517a61dc79cbefb09bd07732a300e922c3f4edc7c6119c4500f30f9fa39cd67194ae154c5accce
  languageName: node
  linkType: hard

"abbrev@npm:1":
  version: 1.1.1
  resolution: "abbrev@npm:1.1.1"
  checksum: 2/9f9236a3cc7f56c167be3aa81c77fcab2e08dfb8047b7861b91440f20b299b9442255856bdbe9d408d7e96a0b64a36e1c27384251126962490b4eee841b533e0
  languageName: node
  linkType: hard

"ansi-colors@npm:^3.2.1":
  version: 3.2.4
  resolution: "ansi-colors@npm:3.2.4"
  checksum: 2/86ec4a476ae8661237c0da58c0b4c48ea57719fdd80eed00132db09ee88d69f5caa5889e13ccd07489e710bf3b9fd85123729e0660384d4373e92ef6125c1fad
  languageName: node
  linkType: hard

"ansi-escapes@npm:^4.3.0":
  version: 4.3.1
  resolution: "ansi-escapes@npm:4.3.1"
  dependencies:
    type-fest: ^0.11.0
  checksum: 2/bcb39e57bd32af0236c4ded96aaf8ef5d86c5a4683762b0be998c68cd11d5afd93296f4b5e087a3557da82a899b7c4d081483d603a4d4647e6a6613bf1aded8a
  languageName: node
  linkType: hard

"ansi-regex@npm:^2.0.0":
  version: 2.1.1
  resolution: "ansi-regex@npm:2.1.1"
  checksum: 2/93a53c923fd433f67cd3d5647dffa6790f37bbfb924cf73ad23e28a8e414bde142d1da260d9a2be52ac4aa382063196880b1d40cf8b547642c746ed538ebf6c4
  languageName: node
  linkType: hard

"ansi-styles@npm:^2.2.1":
  version: 2.2.1
  resolution: "ansi-styles@npm:2.2.1"
  checksum: 2/108c7496372982f1ee53f3f09975de89cc771d2f7c89a32d56ab7a542f67b7de97391c9c16b43b39eb7ea176d3cfbb15975b6b355ae827f15f5a457b1b9dec31
  languageName: node
  linkType: hard

"ansi-styles@npm:^4.1.0":
  version: 4.2.1
  resolution: "ansi-styles@npm:4.2.1"
  dependencies:
    "@types/color-name": ^1.1.1
    color-convert: ^2.0.1
  checksum: 2/c8c007d5dab7b4fea064c9ea318114e1f6fc714bb382d061ac09e66bc83c8f3ce12bb6354be01598722c14a5d710af280b7614d269354f80d2535946aefa82f4
  languageName: node
  linkType: hard

"ansi-term@npm:>=0.0.2":
  version: 0.0.2
  resolution: "ansi-term@npm:0.0.2"
  dependencies:
    x256: ">=0.0.1"
  checksum: 2/645034e96770e9e49c864a85035657c3227e17f7dbdeede4b8a1e3e1c5039c4915c941e459c0006b1b9a1a2550b33cc660ad11c37bc8cba16120c1db38dad77b
  languageName: node
  linkType: hard

"ansicolors@npm:~0.3.2":
  version: 0.3.2
  resolution: "ansicolors@npm:0.3.2"
  checksum: 2/0da3223f0a13de431eca509ab4d4d72843c575e3cdb49f7f7bdf682b77914a3edeb73db204c77363f7b4aeefe72147ccbbe50835c83e218743e304116bb43252
  languageName: node
  linkType: hard

"arg@npm:^4.1.0":
  version: 4.1.3
  resolution: "arg@npm:4.1.3"
  checksum: 2/81b3b40b1529c4fbf75b12f7c3e6fb2dcce9e78072063babc169de9b4f40777788f3d2b04380f659ef676a756e03ccfbfe78adf4477353bda906295fa69dab89
  languageName: node
  linkType: hard

"binance-api-node@npm:^0.9.18":
  version: 0.9.18
  resolution: "binance-api-node@npm:0.9.18"
  dependencies:
    isomorphic-fetch: ^2.2.1
    lodash.zipobject: ^4.1.3
    reconnecting-websocket: ^4.2.0
    ws: ^7.2.0
  checksum: 2/99d21d7a7d57d5dc132a47db75e708e93bc0bb290c4dc9c329c3498724f674bb30dc022366a9c6075469d13ba63b1676b1731accb0d614493f7a5c77bfff6df8
  languageName: node
  linkType: hard

"blessed-contrib@npm:^4.8.19":
  version: 4.8.19
  resolution: "blessed-contrib@npm:4.8.19"
  dependencies:
    ansi-term: ">=0.0.2"
    chalk: ^1.1.0
    drawille-canvas-blessed-contrib: ">=0.1.3"
    lodash: ~>=4.17.11
    map-canvas: ">=0.1.5"
    marked: ^0.7.0
    marked-terminal: ^4.0.0
    memory-streams: ^0.1.0
    memorystream: ^0.3.1
    picture-tuber: ^1.0.1
    sparkline: ^0.1.1
    strip-ansi: ^3.0.0
    term-canvas: 0.0.5
    x256: ">=0.0.1"
  checksum: 2/4f3f495385a134797788000a1282d037eca3bde8bc5f5a18013b708f55b9a3c9a0eec5f4e3d01590b130463fb78ead5104ca23931c6bd25023af1cb1b4d1672e
  languageName: node
  linkType: hard

"blessed@npm:^0.1.81":
  version: 0.1.81
  resolution: "blessed@npm:0.1.81"
  bin:
    blessed: ./bin/tput.js
  checksum: 2/92fcf3965851765aa47e6f7a9fca36a20dda2e104c1d0fe6c85c76eeee3b31e8e24a9fc173ae0e5b71e42c7da43e59bb1646f9b596366972f6768764eeb04698
  languageName: node
  linkType: hard

"bresenham@npm:0.0.3":
  version: 0.0.3
  resolution: "bresenham@npm:0.0.3"
  checksum: 2/805260549a2a38900d40f6400e22d3361294186ea41e9956621cf24136dcde2646cc1eba4a99f32a153c6ad60af893e0add3c180e4d2f110b93cc9c69511e82f
  languageName: node
  linkType: hard

"buffer-from@npm:^1.0.0":
  version: 1.1.1
  resolution: "buffer-from@npm:1.1.1"
  checksum: 2/540ceb79c4f5bfcadaabbc18324fa84c50dc52905084be7c03596a339cf5a88513bee6831ce9b36ddd046fab09257a7c80686e129d0559a0cfd141da196ad956
  languageName: node
  linkType: hard

"buffers@npm:~0.1.1":
  version: 0.1.1
  resolution: "buffers@npm:0.1.1"
  checksum: 2/d6611129153fde61e34cf1c7a858e08d887a5625e7f82349ee9bb2ee775809b5d6ce6cb8c421511060b16f8b3fc801138c0317e26e55658f8d3e15b2a04dd3c3
  languageName: node
  linkType: hard

"cardinal@npm:^2.1.1":
  version: 2.1.1
  resolution: "cardinal@npm:2.1.1"
  dependencies:
    ansicolors: ~0.3.2
    redeyed: ~2.1.0
  bin:
    cdl: ./bin/cdl.js
  checksum: 2/7dafc23b737921f8249c3060709413719729ec1fb4771ac805f59990314ef78993931d73a3cf3ef2edd6f1789b2b1630e20f24e9c76256d01796067ad244d263
  languageName: node
  linkType: hard

"chalk@npm:^1.1.0":
  version: 1.1.3
  resolution: "chalk@npm:1.1.3"
  dependencies:
    ansi-styles: ^2.2.1
    escape-string-regexp: ^1.0.2
    has-ansi: ^2.0.0
    strip-ansi: ^3.0.0
    supports-color: ^2.0.0
  checksum: 2/bc2df54f6da63d0918254aa2d79dd87f75442e35c751b07f5ca37e5886dd0963472e37ee8c5fa6da27710fdfa0e10779c72be4a6c860c67e96769ba63ee2901e
  languageName: node
  linkType: hard

"chalk@npm:^3.0.0":
  version: 3.0.0
  resolution: "chalk@npm:3.0.0"
  dependencies:
    ansi-styles: ^4.1.0
    supports-color: ^7.1.0
  checksum: 2/4018b0c812880da595d0d7b8159939527b72f58d3370e2fdc1a24d9abd460bab851695d7eca014082f110d5702d1221b05493fec430ccce375de907d50cc48c1
  languageName: node
  linkType: hard

"chalk@npm:^4.0.0":
  version: 4.0.0
  resolution: "chalk@npm:4.0.0"
  dependencies:
    ansi-styles: ^4.1.0
    supports-color: ^7.1.0
  checksum: 2/12b01a228b5ca2f03a82684c62d54c06e2ba2f7b81dd08fac56c5b9288958dd24f9cae866e140df5c29cb736059cb4be0165157ebb0b15039cc1ea511a2dab60
  languageName: node
  linkType: hard

"charm@npm:~0.1.0":
  version: 0.1.2
  resolution: "charm@npm:0.1.2"
  checksum: 2/53924afd34293c7013aced6ce98b52c3dae77a41c6a534f186d4b5065ac433b037131d9b83bd97d1e12f9fd854a99e4487bbfc8ae887d439e90a7dbcd9046268
  languageName: node
  linkType: hard

"cli-table@npm:^0.3.1":
  version: 0.3.1
  resolution: "cli-table@npm:0.3.1"
  dependencies:
    colors: 1.0.3
  checksum: 2/887b0cf31b94db7ed71ab27e24a4856951a2642d5df20aa5b807fa9fe76c905132262080231b92be13277e5d5297e9d58e1208e2ecf4635071a36e36b9e4d533
  languageName: node
  linkType: hard

"color-convert@npm:^2.0.1":
  version: 2.0.1
  resolution: "color-convert@npm:2.0.1"
  dependencies:
    color-name: ~1.1.4
  checksum: 2/3d5d8a011a43012ca11b6d739049ecf2055d95582fd16ec44bf1e685eb0baa5cc652002be8a1dc92b429c8d87418287d0528266a7595cb1ad8a7f4f1d3049df2
  languageName: node
  linkType: hard

"color-name@npm:~1.1.4":
  version: 1.1.4
  resolution: "color-name@npm:1.1.4"
  checksum: 2/3e1c9a4dee12eada307436f61614dd11fe300469db2b83f80c8b7a7cd8a1015f0f18dd13403f018927b249003777ff60baba4a03c65f12e6bddc0dfd9642021f
  languageName: node
  linkType: hard

"colors@npm:1.0.3":
  version: 1.0.3
  resolution: "colors@npm:1.0.3"
  checksum: 2/d5b1f35612744af0c24b1f80ec3bb8dccfb4a8441a1883d470295ac81ae8aef6f437ae05662595c1e0c98af27e1ad4e90ccd87f1a124cfc2b7953524f55fc951
  languageName: node
  linkType: hard

"comment-json@npm:^2.2.0":
  version: 2.4.2
  resolution: "comment-json@npm:2.4.2"
  dependencies:
    core-util-is: ^1.0.2
    esprima: ^4.0.1
    has-own-prop: ^2.0.0
    repeat-string: ^1.6.1
  checksum: 2/80bc181741f7966946e09ba253e97a4709288acb65e8b30e641efbca0a1a2c79f31d4df6cd1412a17ddb3d1289f552ec13e1d3f983b42ac84de6344fd062cf3d
  languageName: node
  linkType: hard

"core-util-is@npm:^1.0.2, core-util-is@npm:~1.0.0":
  version: 1.0.2
  resolution: "core-util-is@npm:1.0.2"
  checksum: 2/089015ee3c462dfceba70faa1df83b42a7bb35db26dae6af283247b06fe3216c65fccd9f00eebcaf98300dc31e981d56aae9f90b624f8f6ff1153e235ff88b65
  languageName: node
  linkType: hard

"cross-spawn@npm:6.0.5":
  version: 6.0.5
  resolution: "cross-spawn@npm:6.0.5"
  dependencies:
    nice-try: ^1.0.4
    path-key: ^2.0.1
    semver: ^5.5.0
    shebang-command: ^1.2.0
    which: ^1.2.9
  checksum: 2/05fbbf957d9b81dc05fd799a238f6aacc2e7cc9783fff3f0e00439a97d6f269c90482571cbf1eeea17200fd119161a2d1f88aa49a8110b176e04f2a70825284f
  languageName: node
  linkType: hard

"diff@npm:^4.0.1":
  version: 4.0.2
  resolution: "diff@npm:4.0.2"
  checksum: 2/81b5cd7ddde6f0ba2a532d434cfdca365aedd6cc62bb133e851e66e071d40382a30924a07c1034bd3d5a2e332146f64514b73c06fe2ebc0490a67f0c98da79fb
  languageName: node
  linkType: hard

"dotenv@npm:^8.2.0":
  version: 8.2.0
  resolution: "dotenv@npm:8.2.0"
  checksum: 2/16cb89cbd7b98b053899b8aba8c5044c8fb61a2db8a81fe70360b75035fce5fed53bd7a34d772be717d0880c0321122a4c09423f518025e1b52d96791521b1a7
  languageName: node
  linkType: hard

"drawille-blessed-contrib@npm:>=0.0.1":
  version: 1.0.0
  resolution: "drawille-blessed-contrib@npm:1.0.0"
  checksum: 2/0c57b2ecff24a4c494817abc5487130a4810ce883c72991c59c6a9610c642397998c4b69368022bf01e49d6f4bc495c25362219e86edc4571cbb5a8022decac8
  languageName: node
  linkType: hard

"drawille-canvas-blessed-contrib@npm:>=0.0.1, drawille-canvas-blessed-contrib@npm:>=0.1.3":
  version: 0.1.3
  resolution: "drawille-canvas-blessed-contrib@npm:0.1.3"
  dependencies:
    ansi-term: ">=0.0.2"
    bresenham: 0.0.3
    drawille-blessed-contrib: ">=0.0.1"
    gl-matrix: ^2.1.0
    x256: ">=0.0.1"
  checksum: 2/4de36a96c1587bee04e29dc0de184797e0a2f39a2f4ac122d66bcda5741d1bcdc3c8f219dc465217d4b97ad692aa97d8473a6640dbaf163e0f0c28f1fe8a0c16
  languageName: node
  linkType: hard

"encoding@npm:^0.1.11":
  version: 0.1.12
  resolution: "encoding@npm:0.1.12"
  dependencies:
    iconv-lite: ~0.4.13
  checksum: 2/d6c664f8bd1807928c6e6bf99fbaecb075c269c722c8ae9b36b4bafd8f5346ad9561eba5871d3b84ba2c40948c8b920f9d80ea82602d72e500f05e0f104a3fb4
  languageName: node
  linkType: hard

"enquirer@npm:^2.3.5":
  version: 2.3.5
  resolution: "enquirer@npm:2.3.5"
  dependencies:
    ansi-colors: ^3.2.1
  checksum: 2/1745db4e9d40624abe89301ada7ab79771a8e8ad500d27e6d01b811ca43095b894b9c2b1cb82a4d441a338c5ad19e03cdf31c8a5a573f14013feaecc2c2f1073
  languageName: node
  linkType: hard

"escape-string-regexp@npm:^1.0.2":
  version: 1.0.5
  resolution: "escape-string-regexp@npm:1.0.5"
  checksum: 2/f9484b8b4c8827d816e0fd905c25ed4b561376a9c220e1430403ea84619bf680c76a883a48cff8b8e091daf55d6a497e37479f9787b9f15f3c421b6054289744
  languageName: node
  linkType: hard

"esprima@npm:^4.0.1, esprima@npm:~4.0.0":
  version: 4.0.1
  resolution: "esprima@npm:4.0.1"
  bin:
    esparse: ./bin/esparse.js
    esvalidate: ./bin/esvalidate.js
  checksum: 2/5df45a3d9c95c36800d028ba76d8d4e04e199932b58c2939f462f859fd583e7d39b4a12d3f97986cf272a28a5fe5948ee6e49e36ef63f67b5b48d82a635c5081
  languageName: node
  linkType: hard

"event-stream@npm:~0.9.8":
  version: 0.9.8
  resolution: "event-stream@npm:0.9.8"
  dependencies:
    optimist: 0.2
  checksum: 2/573c9b1e36e3e246d07dc1abd63047be5d84d5a1bf4850088f08ea431139d544aade009397214c3893b7b1d26b169500c9c3fd8562075cb2683fa1b3992e971c
  languageName: node
  linkType: hard

"gl-matrix@npm:^2.1.0":
  version: 2.8.1
  resolution: "gl-matrix@npm:2.8.1"
  checksum: 2/9fe971c396d54991a74bec0d4cf63da85485dfd24d1e98c149a57c949f3eb26bd32d64fca956857fe484cc73a24589d5ecb41a092026f72158d16a86cfe8ecab
  languageName: node
  linkType: hard

"has-ansi@npm:^2.0.0":
  version: 2.0.0
  resolution: "has-ansi@npm:2.0.0"
  dependencies:
    ansi-regex: ^2.0.0
  checksum: 2/c6805f5d01ced45ba247ff2b8c914f401e70aa9086552d8eafbdf6bc0b0e38ea4a3bf1a387d100ff5f07e5854bca96532a01777820a16be2cdf8cf6582091bad
  languageName: node
  linkType: hard

"has-flag@npm:^4.0.0":
  version: 4.0.0
  resolution: "has-flag@npm:4.0.0"
  checksum: 2/2e5391139d3d287231ccb58659702392f6e3abeac3296fb4721afaff46493f3d9b99a9329ae015dfe973aa206ed5c75f43e86aec0267dce79aa5c2b6e811b3ad
  languageName: node
  linkType: hard

"has-own-prop@npm:^2.0.0":
  version: 2.0.0
  resolution: "has-own-prop@npm:2.0.0"
  checksum: 2/8513ff905297afb7b65f4e22012a2c8e20ab006067841015bf338cfd23019b6c7cec89b5192b4cb7eaaa2a5370d2474dc9a0bcfdfd71100c45b8d3be9882f45b
  languageName: node
  linkType: hard

"here@npm:0.0.2":
  version: 0.0.2
  resolution: "here@npm:0.0.2"
  checksum: 2/9df059dc21e07a5c4c9db32cf8cbe78d2beb99fdf1fd151cbdde826fd1669ee900e4854143c52a6832ed39af9d59bac7a32091ef7fcc0382db70ffc1e531986f
  languageName: node
  linkType: hard

"iconv-lite@npm:~0.4.13":
  version: 0.4.24
  resolution: "iconv-lite@npm:0.4.24"
  dependencies:
    safer-buffer: ">= 2.1.2 < 3"
  checksum: 2/a9b9521066ee81853a8561e92bd7240bc5d3b7d5ef7da807a475e7858b0246e318b6af518c30a20a8749ef5eafeaa9631079446e4e696c7b60f468b34dc2cbfc
  languageName: node
  linkType: hard

"inherits@npm:~2.0.1":
  version: 2.0.4
  resolution: "inherits@npm:2.0.4"
  checksum: 2/98426da247ddfc3dcd7d7daedd90c3ca32d5b08deca08949726f12d49232aef94772a07b36cf4ff833e105ae2ef931777f6de4a6dd8245a216b9299ad4a50bea
  languageName: node
  linkType: hard

"is-stream@npm:^1.0.1":
  version: 1.1.0
  resolution: "is-stream@npm:1.1.0"
  checksum: 2/39843ee9ff68ebda05237199f18831eb6e0e28db7799ee9ddaac5573b0681f18b4dc427afdb7b7ad906db545e4648999c42a1810b277acc8451593ff59da00fa
  languageName: node
  linkType: hard

"isarray@npm:0.0.1":
  version: 0.0.1
  resolution: "isarray@npm:0.0.1"
  checksum: 2/daeda3c23646200b0b464b7a9030d10008d7701fc6b7a1b45cafe42b4f4d2dde20835b56f19a49e04bb218245b7f7a2bcc6d0f696cff3711e4eddaa2031c611f
  languageName: node
  linkType: hard

"isexe@npm:^2.0.0":
  version: 2.0.0
  resolution: "isexe@npm:2.0.0"
  checksum: 2/7b437980bb77881a146fba85cfbdf01edc2b148673e9c2722a1e49661fea73adf524430a80fdbfb8ce9f60d43224e682c657c45030482bd39e0c488fc29b4afe
  languageName: node
  linkType: hard

"isomorphic-fetch@npm:^2.2.1":
  version: 2.2.1
  resolution: "isomorphic-fetch@npm:2.2.1"
  dependencies:
    node-fetch: ^1.0.1
    whatwg-fetch: ">=0.10.0"
  checksum: 2/a4174e332ae98fc93269162f1d8a3ee1f7255257d4eaeea5145d4068f64ac2dbff7e7f681889097238e1e009f7a74ba1a23ffd8ed967402777a32cca96204508
  languageName: node
  linkType: hard

"lodash.toarray@npm:^4.4.0":
  version: 4.4.0
  resolution: "lodash.toarray@npm:4.4.0"
  checksum: 2/f2b8de1812789321335dd5f4cb60625c4b8874cb3b300367d8a22990072459b76eb893feacd243686493393cccd035115cc149563f7aa5123d06d9a3b2825bf1
  languageName: node
  linkType: hard

"lodash.zipobject@npm:^4.1.3":
  version: 4.1.3
  resolution: "lodash.zipobject@npm:4.1.3"
  checksum: 2/72dd781a7b3eb5a1647d427f331ca39a6ee879a2c47323d102ef06a27f8100fce3c76aae02d0f8b7bf212d5006380ddd3dc86b9d31e163e9789410c1ba736012
  languageName: node
  linkType: hard

"lodash@npm:^4.17.15, lodash@npm:~>=4.17.11":
  version: 4.17.15
  resolution: "lodash@npm:4.17.15"
  checksum: 2/aec3fbb7570aa67bda500b8299b1b1821d60646bede87f76a74dfcc7666ab3445267d734ec71424d70809d52ad67a1356fab5ab694a3faa1908d68e9d48f00f5
  languageName: node
  linkType: hard

"make-error@npm:^1.1.1":
  version: 1.3.6
  resolution: "make-error@npm:1.3.6"
  checksum: 2/2c780bab8409b865e8ee86697c599a2bf2765ec64d21eb67ccda27050e039f983feacad05a0d43aba3c966ea03d305d2612e94fec45474bcbc61181f57c5bb88
  languageName: node
  linkType: hard

"map-canvas@npm:>=0.1.5":
  version: 0.1.5
  resolution: "map-canvas@npm:0.1.5"
  dependencies:
    drawille-canvas-blessed-contrib: ">=0.0.1"
    xml2js: ^0.4.5
  checksum: 2/fdaf5fce0f0cc03ec5d95c22a1d782595d629e9e87f2c0262c096b53d6734ea92552ae6d862122b4ccd708113d01c0bd6334a2aba6677f54c1883936284ca8b5
  languageName: node
  linkType: hard

"marked-terminal@npm:^4.0.0":
  version: 4.0.0
  resolution: "marked-terminal@npm:4.0.0"
  dependencies:
    ansi-escapes: ^4.3.0
    cardinal: ^2.1.1
    chalk: ^3.0.0
    cli-table: ^0.3.1
    node-emoji: ^1.10.0
    supports-hyperlinks: ^2.0.0
  peerDependencies:
    marked: ^0.4.0 || ^0.5.0 || ^0.6.0 || ^0.7.0 || ^0.8.0
  checksum: 2/224018e3b706b86b190158277028fdd4f23a77b86c573759ec330a9331cab442577e804be329c5744bcf3746774ee7a6e74ca403bb48f2c453d6e93f3fabbc10
  languageName: node
  linkType: hard

"marked@npm:^0.7.0":
  version: 0.7.0
  resolution: "marked@npm:0.7.0"
  bin:
    marked: ./bin/marked
  checksum: 2/9132605ed9942fddc68c78305743bf4cce9b4d36df0fb6e7dbffca145ac445c75e968b7401943fa2d6cea8da7f6adba1a28b6496476a601547bc1c61780acef1
  languageName: node
  linkType: hard

"memory-streams@npm:^0.1.0":
  version: 0.1.3
  resolution: "memory-streams@npm:0.1.3"
  dependencies:
    readable-stream: ~1.0.2
  checksum: 2/c59d9373f5f60e846ad2276a5fe29b72f7b02800c05921b68b8bf1581759d0e660421cf66c938d626a2f88a7e17ce5ce4e27a826108e93be9f2f205d2fd7062c
  languageName: node
  linkType: hard

"memorystream@npm:^0.3.1":
  version: 0.3.1
  resolution: "memorystream@npm:0.3.1"
  checksum: 2/825bcc7d3eb8bd021a1b0f8c81e4d7a8dc2eced1f8bb79d41ec978547cf118146d6863f5e6134f02bb55ee5d963a8689793e6e82ce8eb989bac339ae782728bb
  languageName: node
  linkType: hard

"nice-try@npm:^1.0.4":
  version: 1.0.5
  resolution: "nice-try@npm:1.0.5"
  checksum: 2/330f190bf68146a560008b661e1ddbb2eac667c16990b6bf791516d89cceb707ec67901ad647d2b32674bfa816b916489cead5c2fb6e96864c659573ab5aa3bb
  languageName: node
  linkType: hard

"node-emoji@npm:^1.10.0":
  version: 1.10.0
  resolution: "node-emoji@npm:1.10.0"
  dependencies:
    lodash.toarray: ^4.4.0
  checksum: 2/9c73cd0af03965131225c388339ec5cb3b7239f9d63f15c7755540d265b20a4ecac855fd270af216fb14cdf8232ec4687ab5a52b4b475a681ee1bd74f7562ced
  languageName: node
  linkType: hard

"node-fetch@npm:^1.0.1":
  version: 1.7.3
  resolution: "node-fetch@npm:1.7.3"
  dependencies:
    encoding: ^0.1.11
    is-stream: ^1.0.1
  checksum: 2/d04afb2e328ffb974a5ac4800fe5714d7419243d72f089a6a2383d3b93368c61ae88954a4866c476c0d7f95d7af414c1b9a885e051971061efe4054d526e23ed
  languageName: node
  linkType: hard

"nopt@npm:~2.1.2":
  version: 2.1.2
  resolution: "nopt@npm:2.1.2"
  dependencies:
    abbrev: 1
  bin:
    nopt: ./bin/nopt.js
  checksum: 2/c0e1fcd1844915b88c8737ceb23125ca564e416d551a0a8da007c95ba59806d2d8ac82c38052a337051c9536f3bf44f8308709b5621b9a4bb9cec399e6d132c5
  languageName: node
  linkType: hard

"optimist@npm:0.2":
  version: 0.2.8
  resolution: "optimist@npm:0.2.8"
  dependencies:
    wordwrap: ">=0.0.1 <0.1.0"
  checksum: 2/198529adbb9b79bc79f65f299fc33de17b571e61e90db0ffe433bf0d8d04ef02eacc9615cdadb30402a3f45491092945e01f0520e26cee6f8dd89b6de2eef335
  languageName: node
  linkType: hard

"optimist@npm:~0.3.4":
  version: 0.3.7
  resolution: "optimist@npm:0.3.7"
  dependencies:
    wordwrap: ~0.0.2
  checksum: 2/6a2fb24e0eda97593c29f4bbb0ade1e7a3682ff7747bac61120c67eb2fa519328c331d188628d81027195ebde9a9a460542d2ae360422bc543568b381fcdd34c
  languageName: node
  linkType: hard

"path-key@npm:^2.0.1":
  version: 2.0.1
  resolution: "path-key@npm:2.0.1"
  checksum: 2/7dc807a2baa11d6bc0fca72148a0a0ca69ab73d98fbe42e10d22764d1ef547767f2b4ff827c6bc66e733388cd8d54297a45a39499825b9fdfd18959202384029
  languageName: node
  linkType: hard

"picture-tuber@npm:^1.0.1":
  version: 1.0.2
  resolution: "picture-tuber@npm:1.0.2"
  dependencies:
    buffers: ~0.1.1
    charm: ~0.1.0
    event-stream: ~0.9.8
    optimist: ~0.3.4
    png-js: ~0.1.0
    x256: ~0.0.1
  bin:
    picture-tube: bin/tube.js
  checksum: 2/e5ec93541f6216913a964cc6050203517daaf78aa27a3170ba414373ddf412161658ab4a869db964fd0b2f2d8a10263df26c8ff8ece22e5d82a442a6cb53dfd2
  languageName: node
  linkType: hard

"png-js@npm:~0.1.0":
  version: 0.1.1
  resolution: "png-js@npm:0.1.1"
  checksum: 2/8684fe417401c25bae3f07ecff12294d808357f88533df99a03b8e4e15a2eee5221b90189755759ab41ab0b28c22b70521e7c5aa9eb2c103d1f9344216c8ff6f
  languageName: node
  linkType: hard

"readable-stream@npm:~1.0.2":
  version: 1.0.34
  resolution: "readable-stream@npm:1.0.34"
  dependencies:
    core-util-is: ~1.0.0
    inherits: ~2.0.1
    isarray: 0.0.1
    string_decoder: ~0.10.x
  checksum: 2/90f868f0a37e97794ce963f92c3dd8997a66a2143f867075521ac6905ed49967f425842de0dc53a952a49c60aa81e1239af6e32348e9f3dadffd61101b1c4fdc
  languageName: node
  linkType: hard

"reconnecting-websocket@npm:^4.2.0":
  version: 4.4.0
  resolution: "reconnecting-websocket@npm:4.4.0"
  checksum: 2/f87b201847456c7e2cdffd5f283ca1ec4c08cb696ca46580c4443e16132d0e383ae29ce3bed5a590a4904df20345ef0093caa4e08c7b343cd6e9848428f3c67a
  languageName: node
  linkType: hard

"redeyed@npm:~2.1.0":
  version: 2.1.1
  resolution: "redeyed@npm:2.1.1"
  dependencies:
    esprima: ~4.0.0
  checksum: 2/2e8e1eebac6266b9497c81863c8f8efb5aee9960aa0536e7fa9eb917e04674f2da0c2e3167ac9e47bf9a6814c47e9bd4f4575fc39bf53b853cf7620776e9db0b
  languageName: node
  linkType: hard

"repeat-string@npm:^1.6.1":
  version: 1.6.1
  resolution: "repeat-string@npm:1.6.1"
  checksum: 2/99c431ba7bef7a5d39819d562ebca89206368b45f73213677a3b562e25b5dd272d9e6a2ca8105001df14b6fc8cc71f0b10258c86e16cf8a256318fac1ddc8a77
  languageName: node
  linkType: hard

"root-workspace-0b6124@workspace:.":
  version: 0.0.0-use.local
  resolution: "root-workspace-0b6124@workspace:."
  dependencies:
    "@types/blessed": ^0.1.17
    "@types/lodash": ^4.14.149
    "@types/node": ^13.11.1
    "@yarnpkg/pnpify": ^2.0.0-rc.20
    binance-api-node: ^0.9.18
    blessed: ^0.1.81
    blessed-contrib: ^4.8.19
    chalk: ^4.0.0
    dotenv: ^8.2.0
    enquirer: ^2.3.5
    lodash: ^4.17.15
    rxjs: ^6.5.5
    technicalindicators: ^3.1.0
    ts-node: ^8.8.2
    typescript: ^3.8.3
  dependenciesMeta:
    blessed-contrib:
      unplugged: true
  languageName: unknown
  linkType: soft

"rxjs@npm:^6.5.5":
  version: 6.5.5
  resolution: "rxjs@npm:6.5.5"
  dependencies:
    tslib: ^1.9.0
  checksum: 2/a3882e0374af8aa32459ea9219fdcf24cb5a943cdf35f50da4ded48435ec474647c315b85c3e7b703927a55689e54037538cbd24789548d07b74e4865c4adb78
  languageName: node
  linkType: hard

"safer-buffer@npm:>= 2.1.2 < 3":
  version: 2.1.2
  resolution: "safer-buffer@npm:2.1.2"
  checksum: 2/549ba83f5b314b59898efe3422120ce1ca7987a6eae5925a5fa5db930dc414d4a9dde0a5594f89638cd6ea60b6840ea961872908933ac2428d1726489db46fa5
  languageName: node
  linkType: hard

"sax@npm:>=0.6.0":
  version: 1.2.4
  resolution: "sax@npm:1.2.4"
  checksum: 2/9d7668d69105e89e2c1a4b2fdc12c72e1a2f78b825f7b4a8a2ea5cdfebf70920bd17715bed55264c3b3959616a0695f8ad2d098bf6944fbd0953ee9c695dceef
  languageName: node
  linkType: hard

"semver@npm:^5.5.0":
  version: 5.7.1
  resolution: "semver@npm:5.7.1"
  bin:
    semver: ./bin/semver
  checksum: 2/06ff0ed753ebf741b7602be8faad620d6e160a2cb3f61019d00d919c8bca141638aa23c34da779b8595afdc9faa3678bfbb5f60366b6a4f65f98cf86605bbcdb
  languageName: node
  linkType: hard

"shebang-command@npm:^1.2.0":
  version: 1.2.0
  resolution: "shebang-command@npm:1.2.0"
  dependencies:
    shebang-regex: ^1.0.0
  checksum: 2/2a1e0092a6b80b14ec742ef4e982be8aa670edc7de3e8c68b26744fb535051f7d92518106387b52e9aabe0c1ceae33d23a7dfdb94c3d7f5035c3868b723a2854
  languageName: node
  linkType: hard

"shebang-regex@npm:^1.0.0":
  version: 1.0.0
  resolution: "shebang-regex@npm:1.0.0"
  checksum: 2/cf1a41cb09023e7d39739d7145fcba57c3fabc6728b78ce706f7315cf52dfadf30f7eea664e069224fbcbbfb6ab853bc55ac45f494b47ee73fc209c98487fae5
  languageName: node
  linkType: hard

"source-map-support@npm:^0.5.6":
  version: 0.5.16
  resolution: "source-map-support@npm:0.5.16"
  dependencies:
    buffer-from: ^1.0.0
    source-map: ^0.6.0
  checksum: 2/cf44ce8b694a32bc63f686826bc7e254e5025d4c7eeb4f0c76f61c828cd81067f0df88c0414c50db728dc3d207fb032d7c50c3b419286330332ddbdd4d2689d7
  languageName: node
  linkType: hard

"source-map@npm:^0.6.0":
  version: 0.6.1
  resolution: "source-map@npm:0.6.1"
  checksum: 2/8647829a0611724114022be455ca1c8a2c8ae61df81c5b3667d9b398207226a1e21174fb7bbf0b4dbeb27ac358222afb5a14f1c74a62a62b8883b012e5eb1270
  languageName: node
  linkType: hard

"sparkline@npm:^0.1.1":
  version: 0.1.2
  resolution: "sparkline@npm:0.1.2"
  dependencies:
    here: 0.0.2
    nopt: ~2.1.2
  bin:
    sparkline: bin/sparkline
  checksum: 2/00054fb0a95c1a85f08a88c5baab7030f169c4956c3c02bd13c9a7b3a071664c393f9179d62f821338dcefa2eb9533ffc5e3d2e4784e9a55aa9e56f51091bc68
  languageName: node
  linkType: hard

"string_decoder@npm:~0.10.x":
  version: 0.10.31
  resolution: "string_decoder@npm:0.10.31"
  checksum: 2/ae53bca3796913fe686c6b519299a3631d04f0d388f35e7412914e3d351024f711d783d0415babfec276f5f533e84fae687e77220829d872fadb5bb9f7190890
  languageName: node
  linkType: hard

"strip-ansi@npm:^3.0.0":
  version: 3.0.1
  resolution: "strip-ansi@npm:3.0.1"
  dependencies:
    ansi-regex: ^2.0.0
  checksum: 2/98772dcf440d08f65790ee38cd186b1f139fa69b430e75f9d9c11f97058662f82a22c2ba03a30f502f948958264e99051524fbf1819edaa8a8bbb909ece297da
  languageName: node
  linkType: hard

"supports-color@npm:^2.0.0":
  version: 2.0.0
  resolution: "supports-color@npm:2.0.0"
  checksum: 2/5d6fb449e29f779cc639756f0d6b9ab6138048e753683cd2c647f36a9254714051909a5f569e6aa83c5310c8dfe8a1f481967e02bef401ac8eed46ee0950d779
  languageName: node
  linkType: hard

"supports-color@npm:^7.0.0, supports-color@npm:^7.1.0":
  version: 7.1.0
  resolution: "supports-color@npm:7.1.0"
  dependencies:
    has-flag: ^4.0.0
  checksum: 2/6130f36b2a71f73014a6ef306bbaa5415d8daa5c0294082762a0505e4fb6800b8a9d037b60ed54f0c69cdfc37860034047d6004481c21f22dd43151b5e9334f0
  languageName: node
  linkType: hard

"supports-hyperlinks@npm:^2.0.0":
  version: 2.1.0
  resolution: "supports-hyperlinks@npm:2.1.0"
  dependencies:
    has-flag: ^4.0.0
    supports-color: ^7.0.0
  checksum: 2/8b3b6d71ee298d7f9a3ff4bfb928bd037c0b691b01bdfebb77deb3384976cd78c180d564dc3689ce5fe254d323252f7064efa1364bf24ab81efa6b080e51eddb
  languageName: node
  linkType: hard

"technicalindicators@npm:^3.1.0":
  version: 3.1.0
  resolution: "technicalindicators@npm:3.1.0"
  dependencies:
    "@types/node": ^6.0.96
  checksum: 2/e38b6dbe897b3bab60b606a4e82e8ae7678b090ee855b5fe72ebf474033eb76ea3656cf01e047e91e33866ed730cafe4f77729b8e40acf1ca5ad47146cc510fe
  languageName: node
  linkType: hard

"term-canvas@npm:0.0.5":
  version: 0.0.5
  resolution: "term-canvas@npm:0.0.5"
  checksum: 2/1d47c3eb7a8d47fa5c8f6cc57e679add884058677d7e8096d3c2d2442b7a0bf9e9d52172b8c485b9b3d97754be251dae75247678329390651c06a69ec905e9e4
  languageName: node
  linkType: hard

"ts-node@npm:^8.8.2":
  version: 8.8.2
  resolution: "ts-node@npm:8.8.2"
  dependencies:
    arg: ^4.1.0
    diff: ^4.0.1
    make-error: ^1.1.1
    source-map-support: ^0.5.6
    yn: 3.1.1
  peerDependencies:
    typescript: ">=2.7"
  bin:
    ts-node: dist/bin.js
    ts-node-script: dist/bin-script.js
    ts-node-transpile-only: dist/bin-transpile.js
    ts-script: dist/bin-script-deprecated.js
  checksum: 2/fbbb4a795bd3ceca5b77fa680bae16cf313a35f0de80db032f0cd6f39aa4deb26bab43b0a62f00eb6a3e78fdd49951e220fc14a33d7fb590f812157168eb744f
  languageName: node
  linkType: hard

"tslib@npm:^1.9.0":
  version: 1.11.1
  resolution: "tslib@npm:1.11.1"
  checksum: 2/d40eba08de267b2d3c458ddbf51f9010a45b8e752d3bf8c0fed63e266afc9277c6a26e65e51223335b8753f9f106aeb600e704f2a6eae05729160671a97c52e7
  languageName: node
  linkType: hard

"type-fest@npm:^0.11.0":
  version: 0.11.0
  resolution: "type-fest@npm:0.11.0"
  checksum: 2/02e5cadf13590a5724cacf8d9133320efd173f6fb1b695fcb29e56551a315bf0f07ca988a780a1999b7b55bb3eaaa7f37223615207236d393af17bba6749dc95
  languageName: node
  linkType: hard

typescript@^3.8.3:
  version: 3.8.3
  resolution: "typescript@npm:3.8.3"
  bin:
    tsc: bin/tsc
    tsserver: bin/tsserver
  checksum: 2/519b11576247fe3570d89a2aa757d8f666aafc0cb9465a6cdd4df09c1dc6bf7285f0c6008d2ac7a55ea26457e767aaab819f58439d80af2cce1d9805b2be1034
  languageName: node
  linkType: hard

"typescript@patch:typescript@^3.8.3#builtin<compat/typescript>":
  version: 3.8.3
  resolution: "typescript@patch:typescript@npm%3A3.8.3#builtin<compat/typescript>::version=3.8.3&hash=270b6c"
  bin:
    tsc: bin/tsc
    tsserver: bin/tsserver
  checksum: 2/651d584b904b15c5c39b06fb2bd63ff6323444edaf20571243e75ff385148e9416a275509257427b5b02525386b73b940230ef7f734a05bb5bc538de6213da39
  languageName: node
  linkType: hard

"whatwg-fetch@npm:>=0.10.0":
  version: 3.0.0
  resolution: "whatwg-fetch@npm:3.0.0"
  checksum: 2/56ffff2db0908b2180830c1c543b16b3cb93f07c771f15af9ce1a31f426c4b843e0a22cb0afd9de585d7583c07f4b84cb5dbf42fe22bcf6ad34f96103b456aaf
  languageName: node
  linkType: hard

"which@npm:^1.2.9":
  version: 1.3.1
  resolution: "which@npm:1.3.1"
  dependencies:
    isexe: ^2.0.0
  bin:
    which: ./bin/which
  checksum: 2/298d95f9c185c4da22c1bfb1fdfa37c2ba56df8a6b98706ab361bf31a7d3a4845afaecfc48d4de7a259048842b5f2977f51b56f5c06c1f6a83dcf5a9e3de634a
  languageName: node
  linkType: hard

"wordwrap@npm:>=0.0.1 <0.1.0, wordwrap@npm:~0.0.2":
  version: 0.0.3
  resolution: "wordwrap@npm:0.0.3"
  checksum: 2/e8c84baa721bd7bc13a88e52e1bc25dd4d14accedafe04d24fbc400ba74ae6d620ac4eff5425d5cab342d1ff43f74396272492039b7d7a804bffd2039a153ff0
  languageName: node
  linkType: hard

"ws@npm:^7.2.0":
  version: 7.2.3
  resolution: "ws@npm:7.2.3"
  peerDependencies:
    bufferutil: ^4.0.1
    utf-8-validate: ^5.0.2
  peerDependenciesMeta:
    bufferutil:
      optional: true
    utf-8-validate:
      optional: true
  checksum: 2/fedf178c29b5f7c4589c88bd1064dea03ba0d761bfcc0562abf4ddd64421fb1767095e140cb3ef8b57c3315d7e1fa1f3cf872e365a399c69fb3566ecdfbfacee
  languageName: node
  linkType: hard

"x256@npm:>=0.0.1, x256@npm:~0.0.1":
  version: 0.0.2
  resolution: "x256@npm:0.0.2"
  checksum: 2/8663a28cf79e0eb691682af476bf5e97c028583d30c78e42e2e9a9deaf7f225f222ef60a4c2c9a8747201e1f95d7e1caabdf61bc2093dbe72616f07d8c68b290
  languageName: node
  linkType: hard

"xml2js@npm:^0.4.5":
  version: 0.4.23
  resolution: "xml2js@npm:0.4.23"
  dependencies:
    sax: ">=0.6.0"
    xmlbuilder: ~11.0.0
  checksum: 2/5e6e53955714a9d094c9f39ac7509706d136a3dae76684059019ca949e131775f69715715879df86b1a49519ffea3805ff2e930596e229c5f6228ce027e8a80e
  languageName: node
  linkType: hard

"xmlbuilder@npm:~11.0.0":
  version: 11.0.1
  resolution: "xmlbuilder@npm:11.0.1"
  checksum: 2/8f479b28b5897d903dc514c45c54c869b2f798c0eb44b11e35f7d6e3e631fb9d7aaaec6b9db6b92b715b4ded00d9d8ed8c08e9fd7e2a5f220b14b7b54403fa10
  languageName: node
  linkType: hard

"yn@npm:3.1.1":
  version: 3.1.1
  resolution: "yn@npm:3.1.1"
  checksum: 2/bff63b80568d80c711670935427494dde47cdf97e8b04196b140ce0af519c81c5ee857eddad0caa8b422dd65aea0157bbfaacbb1546bebba623f0f383d5d9ae5
  languageName: node
  linkType: hard
